
Microsoft Visual Studio Solution File, Format Version 12.00
# Visual Studio Version 17
VisualStudioVersion = 17.11.35303.130
MinimumVisualStudioVersion = 10.0.40219.1
Project("{FAE04EC0-301F-11D3-BF4B-00C04F79EFBC}") = "exercise", "exercise.csproj", "{EB573006-45FF-48E8-937F-8DE7776B6E09}"
EndProject
Global
	GlobalSection(SolutionConfigurationPlatforms) = preSolution
		Debug|Any CPU = Debug|Any CPU
		Release|Any CPU = Release|Any CPU
	EndGlobalSection
	GlobalSection(ProjectConfigurationPlatforms) = postSolution
		{EB573006-45FF-48E8-937F-8DE7776B6E09}.Debug|Any CPU.ActiveCfg = Debug|Any CPU
		{EB573006-45FF-48E8-937F-8DE7776B6E09}.Debug|Any CPU.Build.0 = Debug|Any CPU
		{EB573006-45FF-48E8-937F-8DE7776B6E09}.Release|Any CPU.ActiveCfg = Release|Any CPU
		{EB573006-45FF-48E8-937F-8DE7776B6E09}.Release|Any CPU.Build.0 = Release|Any CPU
	EndGlobalSection
	GlobalSection(SolutionProperties) = preSolution
		HideSolutionNode = FALSE
	EndGlobalSection
	GlobalSection(ExtensibilityGlobals) = postSolution
		SolutionGuid = {286B8303-0D79-4D56-BDB7-85499C34164D}
	EndGlobalSection
EndGlobal
